<Solution>
  <Folder Name="/src/">
    <Project Path="src/Deskhand.Broker/Deskhand.Broker.csproj">
      <Platform Project="x64" />
    </Project>
    <Project Path="src/Deskhand.Core/Deskhand.Core.csproj" />
    <Project Path="src/Deskhand.Fleet.Agent/Deskhand.Fleet.Agent.csproj">
      <Platform Project="x64" />
    </Project>
    <Project Path="src/Deskhand.Fleet.Launcher/Deskhand.Fleet.Launcher.csproj">
      <Platform Project="x64" />
    </Project>
    <Project Path="src/Deskhand.Fleet.Server/Deskhand.Fleet.Server.csproj">
      <Platform Project="x64" />
    </Project>
    <Project Path="src/Deskhand.Http/Deskhand.Http.csproj" />
    <Project Path="src/Deskhand.Mcp/Deskhand.Mcp.csproj">
      <Platform Project="x64" />
    </Project>
    <Project Path="src/Deskhand.Rdp/Deskhand.Rdp.csproj">
      <Platform Project="x64" />
    </Project>
    <Project Path="src/Deskhand.SecureHelper/Deskhand.SecureHelper.csproj">
      <Platform Project="x64" />
    </Project>
    <Project Path="src/Deskhand.Ui/Deskhand.Ui.csproj">
      <Platform Project="x64" />
    </Project>
  </Folder>
</Solution>
